
Microsoft Visual Studio Solution File, Format Version 12.00
# Visual Studio Version 17
VisualStudioVersion = 17.12.35527.113
MinimumVisualStudioVersion = 10.0.40219.1
Project("{8BC9CEB8-8B4A-11D0-8D11-00A0C91BC942}") = "MiniProjects", "MiniProjects.vcxproj", "{E9ADAF2F-F1CD-4577-B75B-2DA4D9260A72}"
EndProject
Project("{8BC9CEB8-8B4A-11D0-8D11-00A0C91BC942}") = "DVDLogoScreensaver", "DVDLogoScreensaver\DVDLogoScreensaver.vcxproj", "{9C18ADB6-C165-4C22-BE06-14A0C4FBDB4D}"
EndProject
Project("{8BC9CEB8-8B4A-11D0-8D11-00A0C91BC942}") = "FramerateDisplay", "FramerateDisplay\FramerateDisplay.vcxproj", "{C7CF9B62-A55D-4AD3-88CE-A7773B116EE8}"
EndProject
Project("{8BC9CEB8-8B4A-11D0-8D11-00A0C91BC942}") = "RealTimeClock", "RealTimeClock\RealTimeClock.vcxproj", "{F487533B-DA39-4284-B549-9A4940BDDA7D}"
EndProject
Project("{8BC9CEB8-8B4A-11D0-8D11-00A0C91BC942}") = "MouseTracker", "MouseTracker\MouseTracker.vcxproj", "{DB9AE597-F9F4-49BF-9915-0CAA465C903B}"
EndProject
Project("{8BC9CEB8-8B4A-11D0-8D11-00A0C91BC942}") = "Stopwatch", "Stopwatch\Stopwatch.vcxproj", "{FE8E857B-F8C3-475C-BE38-66531B79F85A}"
EndProject
Project("{8BC9CEB8-8B4A-11D0-8D11-00A0C91BC942}") = "DisplayingUserInput", "DisplayingUserInput\DisplayingUserInput.vcxproj", "{8E3CF756-9FC9-4457-BF46-2734C21DB014}"
EndProject
Project("{8BC9CEB8-8B4A-11D0-8D11-00A0C91BC942}") = "AnimatingSprites", "AnimatingSprites\AnimatingSprites.vcxproj", "{CC43C007-A78A-4CD7-A46D-F3917083D62E}"
EndProject
Project("{8BC9CEB8-8B4A-11D0-8D11-00A0C91BC942}") = "ButtonClass", "ButtonClass\ButtonClass.vcxproj", "{AA8D560A-59EB-47EF-9259-D0EAABE737E1}"
EndProject
Global
	GlobalSection(SolutionConfigurationPlatforms) = preSolution
		Debug|x64 = Debug|x64
		Debug|x86 = Debug|x86
		Release|x64 = Release|x64
		Release|x86 = Release|x86
	EndGlobalSection
	GlobalSection(ProjectConfigurationPlatforms) = postSolution
		{E9ADAF2F-F1CD-4577-B75B-2DA4D9260A72}.Debug|x64.ActiveCfg = Debug|x64
		{E9ADAF2F-F1CD-4577-B75B-2DA4D9260A72}.Debug|x64.Build.0 = Debug|x64
		{E9ADAF2F-F1CD-4577-B75B-2DA4D9260A72}.Debug|x86.ActiveCfg = Debug|Win32
		{E9ADAF2F-F1CD-4577-B75B-2DA4D9260A72}.Debug|x86.Build.0 = Debug|Win32
		{E9ADAF2F-F1CD-4577-B75B-2DA4D9260A72}.Release|x64.ActiveCfg = Release|x64
		{E9ADAF2F-F1CD-4577-B75B-2DA4D9260A72}.Release|x64.Build.0 = Release|x64
		{E9ADAF2F-F1CD-4577-B75B-2DA4D9260A72}.Release|x86.ActiveCfg = Release|Win32
		{E9ADAF2F-F1CD-4577-B75B-2DA4D9260A72}.Release|x86.Build.0 = Release|Win32
		{9C18ADB6-C165-4C22-BE06-14A0C4FBDB4D}.Debug|x64.ActiveCfg = Debug|x64
		{9C18ADB6-C165-4C22-BE06-14A0C4FBDB4D}.Debug|x64.Build.0 = Debug|x64
		{9C18ADB6-C165-4C22-BE06-14A0C4FBDB4D}.Debug|x86.ActiveCfg = Debug|Win32
		{9C18ADB6-C165-4C22-BE06-14A0C4FBDB4D}.Debug|x86.Build.0 = Debug|Win32
		{9C18ADB6-C165-4C22-BE06-14A0C4FBDB4D}.Release|x64.ActiveCfg = Release|x64
		{9C18ADB6-C165-4C22-BE06-14A0C4FBDB4D}.Release|x64.Build.0 = Release|x64
		{9C18ADB6-C165-4C22-BE06-14A0C4FBDB4D}.Release|x86.ActiveCfg = Release|Win32
		{9C18ADB6-C165-4C22-BE06-14A0C4FBDB4D}.Release|x86.Build.0 = Release|Win32
		{C7CF9B62-A55D-4AD3-88CE-A7773B116EE8}.Debug|x64.ActiveCfg = Debug|x64
		{C7CF9B62-A55D-4AD3-88CE-A7773B116EE8}.Debug|x64.Build.0 = Debug|x64
		{C7CF9B62-A55D-4AD3-88CE-A7773B116EE8}.Debug|x86.ActiveCfg = Debug|Win32
		{C7CF9B62-A55D-4AD3-88CE-A7773B116EE8}.Debug|x86.Build.0 = Debug|Win32
		{C7CF9B62-A55D-4AD3-88CE-A7773B116EE8}.Release|x64.ActiveCfg = Release|x64
		{C7CF9B62-A55D-4AD3-88CE-A7773B116EE8}.Release|x64.Build.0 = Release|x64
		{C7CF9B62-A55D-4AD3-88CE-A7773B116EE8}.Release|x86.ActiveCfg = Release|Win32
		{C7CF9B62-A55D-4AD3-88CE-A7773B116EE8}.Release|x86.Build.0 = Release|Win32
		{F487533B-DA39-4284-B549-9A4940BDDA7D}.Debug|x64.ActiveCfg = Debug|x64
		{F487533B-DA39-4284-B549-9A4940BDDA7D}.Debug|x64.Build.0 = Debug|x64
		{F487533B-DA39-4284-B549-9A4940BDDA7D}.Debug|x86.ActiveCfg = Debug|Win32
		{F487533B-DA39-4284-B549-9A4940BDDA7D}.Debug|x86.Build.0 = Debug|Win32
		{F487533B-DA39-4284-B549-9A4940BDDA7D}.Release|x64.ActiveCfg = Release|x64
		{F487533B-DA39-4284-B549-9A4940BDDA7D}.Release|x64.Build.0 = Release|x64
		{F487533B-DA39-4284-B549-9A4940BDDA7D}.Release|x86.ActiveCfg = Release|Win32
		{F487533B-DA39-4284-B549-9A4940BDDA7D}.Release|x86.Build.0 = Release|Win32
		{DB9AE597-F9F4-49BF-9915-0CAA465C903B}.Debug|x64.ActiveCfg = Debug|x64
		{DB9AE597-F9F4-49BF-9915-0CAA465C903B}.Debug|x64.Build.0 = Debug|x64
		{DB9AE597-F9F4-49BF-9915-0CAA465C903B}.Debug|x86.ActiveCfg = Debug|Win32
		{DB9AE597-F9F4-49BF-9915-0CAA465C903B}.Debug|x86.Build.0 = Debug|Win32
		{DB9AE597-F9F4-49BF-9915-0CAA465C903B}.Release|x64.ActiveCfg = Release|x64
		{DB9AE597-F9F4-49BF-9915-0CAA465C903B}.Release|x64.Build.0 = Release|x64
		{DB9AE597-F9F4-49BF-9915-0CAA465C903B}.Release|x86.ActiveCfg = Release|Win32
		{DB9AE597-F9F4-49BF-9915-0CAA465C903B}.Release|x86.Build.0 = Release|Win32
		{FE8E857B-F8C3-475C-BE38-66531B79F85A}.Debug|x64.ActiveCfg = Debug|x64
		{FE8E857B-F8C3-475C-BE38-66531B79F85A}.Debug|x64.Build.0 = Debug|x64
		{FE8E857B-F8C3-475C-BE38-66531B79F85A}.Debug|x86.ActiveCfg = Debug|Win32
		{FE8E857B-F8C3-475C-BE38-66531B79F85A}.Debug|x86.Build.0 = Debug|Win32
		{FE8E857B-F8C3-475C-BE38-66531B79F85A}.Release|x64.ActiveCfg = Release|x64
		{FE8E857B-F8C3-475C-BE38-66531B79F85A}.Release|x64.Build.0 = Release|x64
		{FE8E857B-F8C3-475C-BE38-66531B79F85A}.Release|x86.ActiveCfg = Release|Win32
		{FE8E857B-F8C3-475C-BE38-66531B79F85A}.Release|x86.Build.0 = Release|Win32
		{8E3CF756-9FC9-4457-BF46-2734C21DB014}.Debug|x64.ActiveCfg = Debug|x64
		{8E3CF756-9FC9-4457-BF46-2734C21DB014}.Debug|x64.Build.0 = Debug|x64
		{8E3CF756-9FC9-4457-BF46-2734C21DB014}.Debug|x86.ActiveCfg = Debug|Win32
		{8E3CF756-9FC9-4457-BF46-2734C21DB014}.Debug|x86.Build.0 = Debug|Win32
		{8E3CF756-9FC9-4457-BF46-2734C21DB014}.Release|x64.ActiveCfg = Release|x64
		{8E3CF756-9FC9-4457-BF46-2734C21DB014}.Release|x64.Build.0 = Release|x64
		{8E3CF756-9FC9-4457-BF46-2734C21DB014}.Release|x86.ActiveCfg = Release|Win32
		{8E3CF756-9FC9-4457-BF46-2734C21DB014}.Release|x86.Build.0 = Release|Win32
		{CC43C007-A78A-4CD7-A46D-F3917083D62E}.Debug|x64.ActiveCfg = Debug|x64
		{CC43C007-A78A-4CD7-A46D-F3917083D62E}.Debug|x64.Build.0 = Debug|x64
		{CC43C007-A78A-4CD7-A46D-F3917083D62E}.Debug|x86.ActiveCfg = Debug|Win32
		{CC43C007-A78A-4CD7-A46D-F3917083D62E}.Debug|x86.Build.0 = Debug|Win32
		{CC43C007-A78A-4CD7-A46D-F3917083D62E}.Release|x64.ActiveCfg = Release|x64
		{CC43C007-A78A-4CD7-A46D-F3917083D62E}.Release|x64.Build.0 = Release|x64
		{CC43C007-A78A-4CD7-A46D-F3917083D62E}.Release|x86.ActiveCfg = Release|Win32
		{CC43C007-A78A-4CD7-A46D-F3917083D62E}.Release|x86.Build.0 = Release|Win32
		{AA8D560A-59EB-47EF-9259-D0EAABE737E1}.Debug|x64.ActiveCfg = Debug|x64
		{AA8D560A-59EB-47EF-9259-D0EAABE737E1}.Debug|x64.Build.0 = Debug|x64
		{AA8D560A-59EB-47EF-9259-D0EAABE737E1}.Debug|x86.ActiveCfg = Debug|Win32
		{AA8D560A-59EB-47EF-9259-D0EAABE737E1}.Debug|x86.Build.0 = Debug|Win32
		{AA8D560A-59EB-47EF-9259-D0EAABE737E1}.Release|x64.ActiveCfg = Release|x64
		{AA8D560A-59EB-47EF-9259-D0EAABE737E1}.Release|x64.Build.0 = Release|x64
		{AA8D560A-59EB-47EF-9259-D0EAABE737E1}.Release|x86.ActiveCfg = Release|Win32
		{AA8D560A-59EB-47EF-9259-D0EAABE737E1}.Release|x86.Build.0 = Release|Win32
	EndGlobalSection
	GlobalSection(SolutionProperties) = preSolution
		HideSolutionNode = FALSE
	EndGlobalSection
EndGlobal
